// !$*UTF8*$!
{
	archiveVersion = 1;
	classes = {
	};
	objectVersion = 56;
	objects = {

/* Begin PBXBuildFile section */
		4124E8F02A6BF0ED0045E220 /* MappingModelV1ToV4.xcmappingmodel in Sources */ = {isa = PBXBuildFile; fileRef = 4124E8EF2A6BF0ED0045E220 /* MappingModelV1ToV4.xcmappingmodel */; };
		413045122A625AB20070F927 /* FloatingFooter.swift in Sources */ = {isa = PBXBuildFile; fileRef = 413045112A625AB20070F927 /* FloatingFooter.swift */; };
		4136515D2A6A1F04006C6361 /* Item+CoreDataClass.swift in Sources */ = {isa = PBXBuildFile; fileRef = 4136515B2A6A1F04006C6361 /* Item+CoreDataClass.swift */; };
		4136515E2A6A1F04006C6361 /* Item+CoreDataProperties.swift in Sources */ = {isa = PBXBuildFile; fileRef = 4136515C2A6A1F04006C6361 /* Item+CoreDataProperties.swift */; };
		413651602A6A3EBB006C6361 /* TodoViewModel.swift in Sources */ = {isa = PBXBuildFile; fileRef = 4136515F2A6A3EBB006C6361 /* TodoViewModel.swift */; };
		413913372A702EEB007EFFF2 /* ScrollViewModel.swift in Sources */ = {isa = PBXBuildFile; fileRef = 413913362A702EEB007EFFF2 /* ScrollViewModel.swift */; };
		4139135C2A716980007EFFF2 /* Introspect in Frameworks */ = {isa = PBXBuildFile; productRef = 4139135B2A716980007EFFF2 /* Introspect */; };
		4139135E2A72A4EA007EFFF2 /* DetailTodoViewModel.swift in Sources */ = {isa = PBXBuildFile; fileRef = 4139135D2A72A4EA007EFFF2 /* DetailTodoViewModel.swift */; };
		413913602A72A80F007EFFF2 /* BottomSheet.swift in Sources */ = {isa = PBXBuildFile; fileRef = 4139135F2A72A80F007EFFF2 /* BottomSheet.swift */; };
		413913A42A77DBF1007EFFF2 /* DetailSheetOfPast.swift in Sources */ = {isa = PBXBuildFile; fileRef = 413913A32A77DBF1007EFFF2 /* DetailSheetOfPast.swift */; };
		413913A62A77DC44007EFFF2 /* DetailSheetOfToday.swift in Sources */ = {isa = PBXBuildFile; fileRef = 413913A52A77DC44007EFFF2 /* DetailSheetOfToday.swift */; };
		413913A82A77DC6A007EFFF2 /* DetailSheetOfFuture.swift in Sources */ = {isa = PBXBuildFile; fileRef = 413913A72A77DC6A007EFFF2 /* DetailSheetOfFuture.swift */; };
		413913AC2A792677007EFFF2 /* AlertToast in Frameworks */ = {isa = PBXBuildFile; productRef = 413913AB2A792677007EFFF2 /* AlertToast */; };
		413913B02A796ED8007EFFF2 /* SettingBottomSheet.swift in Sources */ = {isa = PBXBuildFile; fileRef = 413913AF2A796ED8007EFFF2 /* SettingBottomSheet.swift */; };
		413913B22A7A2A4D007EFFF2 /* SettingViewModel.swift in Sources */ = {isa = PBXBuildFile; fileRef = 413913B12A7A2A4D007EFFF2 /* SettingViewModel.swift */; };
		413913B52A7A656C007EFFF2 /* MappingModelV4Tov5.xcmappingmodel in Sources */ = {isa = PBXBuildFile; fileRef = 413913B42A7A656C007EFFF2 /* MappingModelV4Tov5.xcmappingmodel */; };
		413913B82A7A79D7007EFFF2 /* MappingModelV5ToV6.xcmappingmodel in Sources */ = {isa = PBXBuildFile; fileRef = 413913B72A7A79D7007EFFF2 /* MappingModelV5ToV6.xcmappingmodel */; };
		413913BC2A7B7682007EFFF2 /* StickerBottomSheet.swift in Sources */ = {isa = PBXBuildFile; fileRef = 413913BB2A7B7682007EFFF2 /* StickerBottomSheet.swift */; };
		413913BE2A7B7E82007EFFF2 /* StickerViewModel.swift in Sources */ = {isa = PBXBuildFile; fileRef = 413913BD2A7B7E82007EFFF2 /* StickerViewModel.swift */; };
		413913C12A7BA82F007EFFF2 /* MappingModelV6ToV7.xcmappingmodel in Sources */ = {isa = PBXBuildFile; fileRef = 413913C02A7BA82F007EFFF2 /* MappingModelV6ToV7.xcmappingmodel */; };
		413913C42A7BB3C4007EFFF2 /* MappingModelV7ToV8.xcmappingmodel in Sources */ = {isa = PBXBuildFile; fileRef = 413913C32A7BB3C4007EFFF2 /* MappingModelV7ToV8.xcmappingmodel */; };
		413913C62A7BE300007EFFF2 /* StickerItem.swift in Sources */ = {isa = PBXBuildFile; fileRef = 413913C52A7BE300007EFFF2 /* StickerItem.swift */; };
		413913C92A7BEB0E007EFFF2 /* MappingModelV8ToV9.xcmappingmodel in Sources */ = {isa = PBXBuildFile; fileRef = 413913C82A7BEB0E007EFFF2 /* MappingModelV8ToV9.xcmappingmodel */; };
		413913CC2A7BECE8007EFFF2 /* MappingModelV9ToV10.xcmappingmodel in Sources */ = {isa = PBXBuildFile; fileRef = 413913CB2A7BECE8007EFFF2 /* MappingModelV9ToV10.xcmappingmodel */; };
		413913CF2A7BF213007EFFF2 /* MappingModelV10ToV11.xcmappingmodel in Sources */ = {isa = PBXBuildFile; fileRef = 413913CE2A7BF213007EFFF2 /* MappingModelV10ToV11.xcmappingmodel */; };
		415FD88F2A81434600B12A97 /* StickerCell.swift in Sources */ = {isa = PBXBuildFile; fileRef = 415FD88E2A81434600B12A97 /* StickerCell.swift */; };
		415FD8922A81442100B12A97 /* Sticker+CoreDataProperties.swift in Sources */ = {isa = PBXBuildFile; fileRef = 415FD8902A81442100B12A97 /* Sticker+CoreDataProperties.swift */; };
		415FD8932A81442100B12A97 /* Sticker+CoreDataClass.swift in Sources */ = {isa = PBXBuildFile; fileRef = 415FD8912A81442100B12A97 /* Sticker+CoreDataClass.swift */; };
		417394AD2A6652C000205292 /* Header.swift in Sources */ = {isa = PBXBuildFile; fileRef = 417394AC2A6652C000205292 /* Header.swift */; };
		417394BB2A66876900205292 /* DateCell.swift in Sources */ = {isa = PBXBuildFile; fileRef = 417394BA2A66876900205292 /* DateCell.swift */; };
		419A994C2A83810000DEAFA0 /* BottomSheet in Frameworks */ = {isa = PBXBuildFile; productRef = 419A994B2A83810000DEAFA0 /* BottomSheet */; };
		419A994E2A83BEE100DEAFA0 /* UITextFieldRepresentable.swift in Sources */ = {isa = PBXBuildFile; fileRef = 419A994D2A83BEE100DEAFA0 /* UITextFieldRepresentable.swift */; };
		419A99502A84C2A000DEAFA0 /* MappingModelV4ToV11.xcmappingmodel in Sources */ = {isa = PBXBuildFile; fileRef = 419A994F2A84C2A000DEAFA0 /* MappingModelV4ToV11.xcmappingmodel */; };
		41C641D72A7CF11B0000ABEE /* SwiftUIPageView in Frameworks */ = {isa = PBXBuildFile; productRef = 41C641D62A7CF11B0000ABEE /* SwiftUIPageView */; };
		41C641D92A7CF2FA0000ABEE /* CompleteRepoView.swift in Sources */ = {isa = PBXBuildFile; fileRef = 41C641D82A7CF2FA0000ABEE /* CompleteRepoView.swift */; };
		41C641DC2A7CF5720000ABEE /* CompleteRepoViewModel.swift in Sources */ = {isa = PBXBuildFile; fileRef = 41C641DB2A7CF5720000ABEE /* CompleteRepoViewModel.swift */; };
		41C641DE2A7D2D830000ABEE /* CompletePage.swift in Sources */ = {isa = PBXBuildFile; fileRef = 41C641DD2A7D2D830000ABEE /* CompletePage.swift */; };
		41C641E02A7F08150000ABEE /* MailSender.swift in Sources */ = {isa = PBXBuildFile; fileRef = 41C641DF2A7F08150000ABEE /* MailSender.swift */; };
		41E1DC3F2A58277B005A5EAA /* todo_paperApp.swift in Sources */ = {isa = PBXBuildFile; fileRef = 41E1DC3E2A58277B005A5EAA /* todo_paperApp.swift */; };
		41E1DC412A58277B005A5EAA /* DailyTodoView.swift in Sources */ = {isa = PBXBuildFile; fileRef = 41E1DC402A58277B005A5EAA /* DailyTodoView.swift */; };
		41E1DC432A58277C005A5EAA /* Assets.xcassets in Resources */ = {isa = PBXBuildFile; fileRef = 41E1DC422A58277C005A5EAA /* Assets.xcassets */; };
		41E1DC462A58277C005A5EAA /* Preview Assets.xcassets in Resources */ = {isa = PBXBuildFile; fileRef = 41E1DC452A58277C005A5EAA /* Preview Assets.xcassets */; };
		41E1DC482A58277C005A5EAA /* Persistence.swift in Sources */ = {isa = PBXBuildFile; fileRef = 41E1DC472A58277C005A5EAA /* Persistence.swift */; };
		41E1DC4B2A58277C005A5EAA /* todo_paper.xcdatamodeld in Sources */ = {isa = PBXBuildFile; fileRef = 41E1DC492A58277C005A5EAA /* todo_paper.xcdatamodeld */; };
		41E1DC732A5DC427005A5EAA /* TodoItem.swift in Sources */ = {isa = PBXBuildFile; fileRef = 41E1DC722A5DC427005A5EAA /* TodoItem.swift */; };
		41E1DC752A5DCD95005A5EAA /* TodoItemRow.swift in Sources */ = {isa = PBXBuildFile; fileRef = 41E1DC742A5DCD95005A5EAA /* TodoItemRow.swift */; };
		41E1DC792A5EA161005A5EAA /* Extension.swift in Sources */ = {isa = PBXBuildFile; fileRef = 41E1DC782A5EA161005A5EAA /* Extension.swift */; };
/* End PBXBuildFile section */

/* Begin PBXFileReference section */
		4124E8EC2A6BEACC0045E220 /* todo_paper_2.xcdatamodel */ = {isa = PBXFileReference; lastKnownFileType = wrapper.xcdatamodel; path = todo_paper_2.xcdatamodel; sourceTree = "<group>"; };
		4124E8ED2A6BEFF30045E220 /* todo_paper_ 3.xcdatamodel */ = {isa = PBXFileReference; lastKnownFileType = wrapper.xcdatamodel; path = "todo_paper_ 3.xcdatamodel"; sourceTree = "<group>"; };
		4124E8EE2A6BF07B0045E220 /* todo_paper 4.xcdatamodel */ = {isa = PBXFileReference; lastKnownFileType = wrapper.xcdatamodel; path = "todo_paper 4.xcdatamodel"; sourceTree = "<group>"; };
		4124E8EF2A6BF0ED0045E220 /* MappingModelV1ToV4.xcmappingmodel */ = {isa = PBXFileReference; lastKnownFileType = wrapper.xcmappingmodel; path = MappingModelV1ToV4.xcmappingmodel; sourceTree = "<group>"; };
		413045112A625AB20070F927 /* FloatingFooter.swift */ = {isa = PBXFileReference; lastKnownFileType = sourcecode.swift; path = FloatingFooter.swift; sourceTree = "<group>"; };
		4136515B2A6A1F04006C6361 /* Item+CoreDataClass.swift */ = {isa = PBXFileReference; lastKnownFileType = sourcecode.swift; path = "Item+CoreDataClass.swift"; sourceTree = "<group>"; };
		4136515C2A6A1F04006C6361 /* Item+CoreDataProperties.swift */ = {isa = PBXFileReference; lastKnownFileType = sourcecode.swift; path = "Item+CoreDataProperties.swift"; sourceTree = "<group>"; };
		4136515F2A6A3EBB006C6361 /* TodoViewModel.swift */ = {isa = PBXFileReference; lastKnownFileType = sourcecode.swift; path = TodoViewModel.swift; sourceTree = "<group>"; };
		413913362A702EEB007EFFF2 /* ScrollViewModel.swift */ = {isa = PBXFileReference; lastKnownFileType = sourcecode.swift; path = ScrollViewModel.swift; sourceTree = "<group>"; };
		4139135D2A72A4EA007EFFF2 /* DetailTodoViewModel.swift */ = {isa = PBXFileReference; lastKnownFileType = sourcecode.swift; path = DetailTodoViewModel.swift; sourceTree = "<group>"; };
		4139135F2A72A80F007EFFF2 /* BottomSheet.swift */ = {isa = PBXFileReference; lastKnownFileType = sourcecode.swift; path = BottomSheet.swift; sourceTree = "<group>"; };
		413913A32A77DBF1007EFFF2 /* DetailSheetOfPast.swift */ = {isa = PBXFileReference; lastKnownFileType = sourcecode.swift; path = DetailSheetOfPast.swift; sourceTree = "<group>"; };
		413913A52A77DC44007EFFF2 /* DetailSheetOfToday.swift */ = {isa = PBXFileReference; lastKnownFileType = sourcecode.swift; path = DetailSheetOfToday.swift; sourceTree = "<group>"; };
		413913A72A77DC6A007EFFF2 /* DetailSheetOfFuture.swift */ = {isa = PBXFileReference; lastKnownFileType = sourcecode.swift; path = DetailSheetOfFuture.swift; sourceTree = "<group>"; };
		413913AF2A796ED8007EFFF2 /* SettingBottomSheet.swift */ = {isa = PBXFileReference; lastKnownFileType = sourcecode.swift; path = SettingBottomSheet.swift; sourceTree = "<group>"; };
		413913B12A7A2A4D007EFFF2 /* SettingViewModel.swift */ = {isa = PBXFileReference; lastKnownFileType = sourcecode.swift; path = SettingViewModel.swift; sourceTree = "<group>"; };
		413913B32A7A6471007EFFF2 /* todo_paper_5.xcdatamodel */ = {isa = PBXFileReference; lastKnownFileType = wrapper.xcdatamodel; path = todo_paper_5.xcdatamodel; sourceTree = "<group>"; };
		413913B42A7A656C007EFFF2 /* MappingModelV4Tov5.xcmappingmodel */ = {isa = PBXFileReference; lastKnownFileType = wrapper.xcmappingmodel; path = MappingModelV4Tov5.xcmappingmodel; sourceTree = "<group>"; };
		413913B62A7A7958007EFFF2 /* todo_paper_ 6.xcdatamodel */ = {isa = PBXFileReference; lastKnownFileType = wrapper.xcdatamodel; path = "todo_paper_ 6.xcdatamodel"; sourceTree = "<group>"; };
		413913B72A7A79D7007EFFF2 /* MappingModelV5ToV6.xcmappingmodel */ = {isa = PBXFileReference; lastKnownFileType = wrapper.xcmappingmodel; path = MappingModelV5ToV6.xcmappingmodel; sourceTree = "<group>"; };
		413913BB2A7B7682007EFFF2 /* StickerBottomSheet.swift */ = {isa = PBXFileReference; lastKnownFileType = sourcecode.swift; path = StickerBottomSheet.swift; sourceTree = "<group>"; };
		413913BD2A7B7E82007EFFF2 /* StickerViewModel.swift */ = {isa = PBXFileReference; lastKnownFileType = sourcecode.swift; path = StickerViewModel.swift; sourceTree = "<group>"; };
		413913BF2A7BA785007EFFF2 /* todo_paper_7.xcdatamodel */ = {isa = PBXFileReference; lastKnownFileType = wrapper.xcdatamodel; path = todo_paper_7.xcdatamodel; sourceTree = "<group>"; };
		413913C02A7BA82F007EFFF2 /* MappingModelV6ToV7.xcmappingmodel */ = {isa = PBXFileReference; lastKnownFileType = wrapper.xcmappingmodel; path = MappingModelV6ToV7.xcmappingmodel; sourceTree = "<group>"; };
		413913C22A7BAEE0007EFFF2 /* todo_paper_8.xcdatamodel */ = {isa = PBXFileReference; lastKnownFileType = wrapper.xcdatamodel; path = todo_paper_8.xcdatamodel; sourceTree = "<group>"; };
		413913C32A7BB3C4007EFFF2 /* MappingModelV7ToV8.xcmappingmodel */ = {isa = PBXFileReference; lastKnownFileType = wrapper.xcmappingmodel; path = MappingModelV7ToV8.xcmappingmodel; sourceTree = "<group>"; };
		413913C52A7BE300007EFFF2 /* StickerItem.swift */ = {isa = PBXFileReference; lastKnownFileType = sourcecode.swift; path = StickerItem.swift; sourceTree = "<group>"; };
		413913C72A7BEACF007EFFF2 /* todo_paper_9.xcdatamodel */ = {isa = PBXFileReference; lastKnownFileType = wrapper.xcdatamodel; path = todo_paper_9.xcdatamodel; sourceTree = "<group>"; };
		413913C82A7BEB0E007EFFF2 /* MappingModelV8ToV9.xcmappingmodel */ = {isa = PBXFileReference; lastKnownFileType = wrapper.xcmappingmodel; path = MappingModelV8ToV9.xcmappingmodel; sourceTree = "<group>"; };
		413913CA2A7BECB8007EFFF2 /* todo_paper_10.xcdatamodel */ = {isa = PBXFileReference; lastKnownFileType = wrapper.xcdatamodel; path = todo_paper_10.xcdatamodel; sourceTree = "<group>"; };
		413913CB2A7BECE8007EFFF2 /* MappingModelV9ToV10.xcmappingmodel */ = {isa = PBXFileReference; lastKnownFileType = wrapper.xcmappingmodel; path = MappingModelV9ToV10.xcmappingmodel; sourceTree = "<group>"; };
		413913CD2A7BF1A4007EFFF2 /* todo_paper_11.xcdatamodel */ = {isa = PBXFileReference; lastKnownFileType = wrapper.xcdatamodel; path = todo_paper_11.xcdatamodel; sourceTree = "<group>"; };
		413913CE2A7BF213007EFFF2 /* MappingModelV10ToV11.xcmappingmodel */ = {isa = PBXFileReference; lastKnownFileType = wrapper.xcmappingmodel; path = MappingModelV10ToV11.xcmappingmodel; sourceTree = "<group>"; };
		415FD88E2A81434600B12A97 /* StickerCell.swift */ = {isa = PBXFileReference; fileEncoding = 4; lastKnownFileType = sourcecode.swift; path = StickerCell.swift; sourceTree = "<group>"; };
		415FD8902A81442100B12A97 /* Sticker+CoreDataProperties.swift */ = {isa = PBXFileReference; fileEncoding = 4; lastKnownFileType = sourcecode.swift; path = "Sticker+CoreDataProperties.swift"; sourceTree = "<group>"; };
		415FD8912A81442100B12A97 /* Sticker+CoreDataClass.swift */ = {isa = PBXFileReference; fileEncoding = 4; lastKnownFileType = sourcecode.swift; path = "Sticker+CoreDataClass.swift"; sourceTree = "<group>"; };
		416C2D3F2A6822A500F06242 /* Info.plist */ = {isa = PBXFileReference; lastKnownFileType = text.plist; path = Info.plist; sourceTree = "<group>"; };
		416C2D412A6822B100F06242 /* libz.tbd */ = {isa = PBXFileReference; lastKnownFileType = "sourcecode.text-based-dylib-definition"; name = libz.tbd; path = usr/lib/libz.tbd; sourceTree = SDKROOT; };
		417394AC2A6652C000205292 /* Header.swift */ = {isa = PBXFileReference; lastKnownFileType = sourcecode.swift; path = Header.swift; sourceTree = "<group>"; };
		417394BA2A66876900205292 /* DateCell.swift */ = {isa = PBXFileReference; lastKnownFileType = sourcecode.swift; path = DateCell.swift; sourceTree = "<group>"; };
		419A994D2A83BEE100DEAFA0 /* UITextFieldRepresentable.swift */ = {isa = PBXFileReference; lastKnownFileType = sourcecode.swift; path = UITextFieldRepresentable.swift; sourceTree = "<group>"; };
		419A994F2A84C2A000DEAFA0 /* MappingModelV4ToV11.xcmappingmodel */ = {isa = PBXFileReference; lastKnownFileType = wrapper.xcmappingmodel; path = MappingModelV4ToV11.xcmappingmodel; sourceTree = "<group>"; };
		41C641D02A7CEBBC0000ABEE /* todo_paper_12.xcdatamodel */ = {isa = PBXFileReference; lastKnownFileType = wrapper.xcdatamodel; path = todo_paper_12.xcdatamodel; sourceTree = "<group>"; };
		41C641D82A7CF2FA0000ABEE /* CompleteRepoView.swift */ = {isa = PBXFileReference; lastKnownFileType = sourcecode.swift; path = CompleteRepoView.swift; sourceTree = "<group>"; };
		41C641DB2A7CF5720000ABEE /* CompleteRepoViewModel.swift */ = {isa = PBXFileReference; lastKnownFileType = sourcecode.swift; path = CompleteRepoViewModel.swift; sourceTree = "<group>"; };
		41C641DD2A7D2D830000ABEE /* CompletePage.swift */ = {isa = PBXFileReference; lastKnownFileType = sourcecode.swift; path = CompletePage.swift; sourceTree = "<group>"; };
		41C641DF2A7F08150000ABEE /* MailSender.swift */ = {isa = PBXFileReference; lastKnownFileType = sourcecode.swift; path = MailSender.swift; sourceTree = "<group>"; };
		41E1DC3B2A58277B005A5EAA /* todo-paper.app */ = {isa = PBXFileReference; explicitFileType = wrapper.application; includeInIndex = 0; path = "todo-paper.app"; sourceTree = BUILT_PRODUCTS_DIR; };
		41E1DC3E2A58277B005A5EAA /* todo_paperApp.swift */ = {isa = PBXFileReference; lastKnownFileType = sourcecode.swift; path = todo_paperApp.swift; sourceTree = "<group>"; };
		41E1DC402A58277B005A5EAA /* DailyTodoView.swift */ = {isa = PBXFileReference; lastKnownFileType = sourcecode.swift; path = DailyTodoView.swift; sourceTree = "<group>"; };
		41E1DC422A58277C005A5EAA /* Assets.xcassets */ = {isa = PBXFileReference; lastKnownFileType = folder.assetcatalog; path = Assets.xcassets; sourceTree = "<group>"; };
		41E1DC452A58277C005A5EAA /* Preview Assets.xcassets */ = {isa = PBXFileReference; lastKnownFileType = folder.assetcatalog; path = "Preview Assets.xcassets"; sourceTree = "<group>"; };
		41E1DC472A58277C005A5EAA /* Persistence.swift */ = {isa = PBXFileReference; lastKnownFileType = sourcecode.swift; path = Persistence.swift; sourceTree = "<group>"; };
		41E1DC4A2A58277C005A5EAA /* todo_paper.xcdatamodel */ = {isa = PBXFileReference; lastKnownFileType = wrapper.xcdatamodel; path = todo_paper.xcdatamodel; sourceTree = "<group>"; };
		41E1DC722A5DC427005A5EAA /* TodoItem.swift */ = {isa = PBXFileReference; lastKnownFileType = sourcecode.swift; path = TodoItem.swift; sourceTree = "<group>"; };
		41E1DC742A5DCD95005A5EAA /* TodoItemRow.swift */ = {isa = PBXFileReference; lastKnownFileType = sourcecode.swift; path = TodoItemRow.swift; sourceTree = "<group>"; };
		41E1DC782A5EA161005A5EAA /* Extension.swift */ = {isa = PBXFileReference; lastKnownFileType = sourcecode.swift; path = Extension.swift; sourceTree = "<group>"; };
/* End PBXFileReference section */

/* Begin PBXFrameworksBuildPhase section */
		41E1DC382A58277B005A5EAA /* Frameworks */ = {
			isa = PBXFrameworksBuildPhase;
			buildActionMask = 2147483647;
			files = (
				413913AC2A792677007EFFF2 /* AlertToast in Frameworks */,
				419A994C2A83810000DEAFA0 /* BottomSheet in Frameworks */,
				4139135C2A716980007EFFF2 /* Introspect in Frameworks */,
				41C641D72A7CF11B0000ABEE /* SwiftUIPageView in Frameworks */,
			);
			runOnlyForDeploymentPostprocessing = 0;
		};
/* End PBXFrameworksBuildPhase section */

/* Begin PBXGroup section */
		413913A22A77DB6E007EFFF2 /* DailyTodoView */ = {
			isa = PBXGroup;
			children = (
				41E1DC402A58277B005A5EAA /* DailyTodoView.swift */,
				417394AC2A6652C000205292 /* Header.swift */,
				413045112A625AB20070F927 /* FloatingFooter.swift */,
				413913A92A77DC83007EFFF2 /* Components */,
			);
			path = DailyTodoView;
			sourceTree = "<group>";
		};
		413913A92A77DC83007EFFF2 /* Components */ = {
			isa = PBXGroup;
			children = (
				413913A32A77DBF1007EFFF2 /* DetailSheetOfPast.swift */,
				413913A52A77DC44007EFFF2 /* DetailSheetOfToday.swift */,
				413913A72A77DC6A007EFFF2 /* DetailSheetOfFuture.swift */,
				417394BA2A66876900205292 /* DateCell.swift */,
				41E1DC742A5DCD95005A5EAA /* TodoItemRow.swift */,
				4139135F2A72A80F007EFFF2 /* BottomSheet.swift */,
				415FD88E2A81434600B12A97 /* StickerCell.swift */,
				413913BB2A7B7682007EFFF2 /* StickerBottomSheet.swift */,
				419A994D2A83BEE100DEAFA0 /* UITextFieldRepresentable.swift */,
			);
			path = Components;
			sourceTree = "<group>";
		};
		413913AD2A796EAB007EFFF2 /* SettingView */ = {
			isa = PBXGroup;
			children = (
				413913AF2A796ED8007EFFF2 /* SettingBottomSheet.swift */,
				41C641DF2A7F08150000ABEE /* MailSender.swift */,
			);
			path = SettingView;
			sourceTree = "<group>";
		};
		416C2D402A6822B100F06242 /* Frameworks */ = {
			isa = PBXGroup;
			children = (
				416C2D412A6822B100F06242 /* libz.tbd */,
			);
			name = Frameworks;
			sourceTree = "<group>";
		};
		417394BE2A668BAE00205292 /* ViewModel */ = {
			isa = PBXGroup;
			children = (
				4136515F2A6A3EBB006C6361 /* TodoViewModel.swift */,
				413913362A702EEB007EFFF2 /* ScrollViewModel.swift */,
				4139135D2A72A4EA007EFFF2 /* DetailTodoViewModel.swift */,
				413913BD2A7B7E82007EFFF2 /* StickerViewModel.swift */,
				41C641DB2A7CF5720000ABEE /* CompleteRepoViewModel.swift */,
				413913B12A7A2A4D007EFFF2 /* SettingViewModel.swift */,
			);
			path = ViewModel;
			sourceTree = "<group>";
		};
		41C641DA2A7CF3000000ABEE /* CompleteRepoView */ = {
			isa = PBXGroup;
			children = (
				41C641D82A7CF2FA0000ABEE /* CompleteRepoView.swift */,
				41C641DD2A7D2D830000ABEE /* CompletePage.swift */,
			);
			path = CompleteRepoView;
			sourceTree = "<group>";
		};
		41E1DC322A58277B005A5EAA = {
			isa = PBXGroup;
			children = (
				41E1DC3D2A58277B005A5EAA /* todo-paper */,
				41E1DC3C2A58277B005A5EAA /* Products */,
				416C2D402A6822B100F06242 /* Frameworks */,
			);
			sourceTree = "<group>";
		};
		41E1DC3C2A58277B005A5EAA /* Products */ = {
			isa = PBXGroup;
			children = (
				41E1DC3B2A58277B005A5EAA /* todo-paper.app */,
			);
			name = Products;
			sourceTree = "<group>";
		};
		41E1DC3D2A58277B005A5EAA /* todo-paper */ = {
			isa = PBXGroup;
			children = (
				416C2D3F2A6822A500F06242 /* Info.plist */,
				41E1DC7A2A5EEEA2005A5EAA /* TodoPaper */,
			);
			path = "todo-paper";
			sourceTree = "<group>";
		};
		41E1DC442A58277C005A5EAA /* Preview Content */ = {
			isa = PBXGroup;
			children = (
				41E1DC452A58277C005A5EAA /* Preview Assets.xcassets */,
			);
			path = "Preview Content";
			sourceTree = "<group>";
		};
		41E1DC7A2A5EEEA2005A5EAA /* TodoPaper */ = {
			isa = PBXGroup;
			children = (
				41E1DC7D2A5EF050005A5EAA /* System */,
				41E1DC802A5EF0BF005A5EAA /* Model */,
				41E1DC7E2A5EF087005A5EAA /* View */,
				417394BE2A668BAE00205292 /* ViewModel */,
				41E1DC7B2A5EEEDA005A5EAA /* CoreData */,
				41E1DC822A5EF12E005A5EAA /* Utilities */,
				41E1DC7C2A5EEF18005A5EAA /* Resources */,
			);
			path = TodoPaper;
			sourceTree = "<group>";
		};
		41E1DC7B2A5EEEDA005A5EAA /* CoreData */ = {
			isa = PBXGroup;
			children = (
				41E1DC492A58277C005A5EAA /* todo_paper.xcdatamodeld */,
				4136515B2A6A1F04006C6361 /* Item+CoreDataClass.swift */,
				415FD8912A81442100B12A97 /* Sticker+CoreDataClass.swift */,
				415FD8902A81442100B12A97 /* Sticker+CoreDataProperties.swift */,
				4136515C2A6A1F04006C6361 /* Item+CoreDataProperties.swift */,
				41E1DC472A58277C005A5EAA /* Persistence.swift */,
				4124E8EF2A6BF0ED0045E220 /* MappingModelV1ToV4.xcmappingmodel */,
				413913B42A7A656C007EFFF2 /* MappingModelV4Tov5.xcmappingmodel */,
				413913B72A7A79D7007EFFF2 /* MappingModelV5ToV6.xcmappingmodel */,
				413913C02A7BA82F007EFFF2 /* MappingModelV6ToV7.xcmappingmodel */,
				413913C32A7BB3C4007EFFF2 /* MappingModelV7ToV8.xcmappingmodel */,
				413913C82A7BEB0E007EFFF2 /* MappingModelV8ToV9.xcmappingmodel */,
				413913CB2A7BECE8007EFFF2 /* MappingModelV9ToV10.xcmappingmodel */,
				413913CE2A7BF213007EFFF2 /* MappingModelV10ToV11.xcmappingmodel */,
				419A994F2A84C2A000DEAFA0 /* MappingModelV4ToV11.xcmappingmodel */,
			);
			path = CoreData;
			sourceTree = "<group>";
		};
		41E1DC7C2A5EEF18005A5EAA /* Resources */ = {
			isa = PBXGroup;
			children = (
				41E1DC422A58277C005A5EAA /* Assets.xcassets */,
				41E1DC442A58277C005A5EAA /* Preview Content */,
			);
			path = Resources;
			sourceTree = "<group>";
		};
		41E1DC7D2A5EF050005A5EAA /* System */ = {
			isa = PBXGroup;
			children = (
				41E1DC3E2A58277B005A5EAA /* todo_paperApp.swift */,
			);
			path = System;
			sourceTree = "<group>";
		};
		41E1DC7E2A5EF087005A5EAA /* View */ = {
			isa = PBXGroup;
			children = (
				413913AD2A796EAB007EFFF2 /* SettingView */,
				41C641DA2A7CF3000000ABEE /* CompleteRepoView */,
				413913A22A77DB6E007EFFF2 /* DailyTodoView */,
			);
			path = View;
			sourceTree = "<group>";
		};
		41E1DC802A5EF0BF005A5EAA /* Model */ = {
			isa = PBXGroup;
			children = (
				41E1DC722A5DC427005A5EAA /* TodoItem.swift */,
				413913C52A7BE300007EFFF2 /* StickerItem.swift */,
			);
			path = Model;
			sourceTree = "<group>";
		};
		41E1DC822A5EF12E005A5EAA /* Utilities */ = {
			isa = PBXGroup;
			children = (
				41E1DC782A5EA161005A5EAA /* Extension.swift */,
			);
			path = Utilities;
			sourceTree = "<group>";
		};
/* End PBXGroup section */

/* Begin PBXNativeTarget section */
		41E1DC3A2A58277B005A5EAA /* todo-paper */ = {
			isa = PBXNativeTarget;
			buildConfigurationList = 41E1DC4E2A58277C005A5EAA /* Build configuration list for PBXNativeTarget "todo-paper" */;
			buildPhases = (
				41E1DC372A58277B005A5EAA /* Sources */,
				41E1DC382A58277B005A5EAA /* Frameworks */,
				41E1DC392A58277B005A5EAA /* Resources */,
			);
			buildRules = (
			);
			dependencies = (
			);
			name = "todo-paper";
			packageProductDependencies = (
				4139135B2A716980007EFFF2 /* Introspect */,
				413913AB2A792677007EFFF2 /* AlertToast */,
				41C641D62A7CF11B0000ABEE /* SwiftUIPageView */,
				419A994B2A83810000DEAFA0 /* BottomSheet */,
			);
			productName = "todo-paper";
			productReference = 41E1DC3B2A58277B005A5EAA /* todo-paper.app */;
			productType = "com.apple.product-type.application";
		};
/* End PBXNativeTarget section */

/* Begin PBXProject section */
		41E1DC332A58277B005A5EAA /* Project object */ = {
			isa = PBXProject;
			attributes = {
				BuildIndependentTargetsInParallel = 1;
				LastSwiftUpdateCheck = 1430;
				LastUpgradeCheck = 1430;
				TargetAttributes = {
					41E1DC3A2A58277B005A5EAA = {
						CreatedOnToolsVersion = 14.3.1;
					};
				};
			};
			buildConfigurationList = 41E1DC362A58277B005A5EAA /* Build configuration list for PBXProject "todo-paper" */;
			compatibilityVersion = "Xcode 14.0";
			developmentRegion = en;
			hasScannedForEncodings = 0;
			knownRegions = (
				en,
				Base,
			);
			mainGroup = 41E1DC322A58277B005A5EAA;
			packageReferences = (
				4139135A2A716980007EFFF2 /* XCRemoteSwiftPackageReference "swiftui-introspect" */,
				413913AA2A792677007EFFF2 /* XCRemoteSwiftPackageReference "AlertToast" */,
				41C641D52A7CF11B0000ABEE /* XCRemoteSwiftPackageReference "SwiftUIPageView" */,
				419A994A2A83810000DEAFA0 /* XCRemoteSwiftPackageReference "BottomSheet" */,
			);
			productRefGroup = 41E1DC3C2A58277B005A5EAA /* Products */;
			projectDirPath = "";
			projectRoot = "";
			targets = (
				41E1DC3A2A58277B005A5EAA /* todo-paper */,
			);
		};
/* End PBXProject section */

/* Begin PBXResourcesBuildPhase section */
		41E1DC392A58277B005A5EAA /* Resources */ = {
			isa = PBXResourcesBuildPhase;
			buildActionMask = 2147483647;
			files = (
				41E1DC462A58277C005A5EAA /* Preview Assets.xcassets in Resources */,
				41E1DC432A58277C005A5EAA /* Assets.xcassets in Resources */,
			);
			runOnlyForDeploymentPostprocessing = 0;
		};
/* End PBXResourcesBuildPhase section */

/* Begin PBXSourcesBuildPhase section */
		41E1DC372A58277B005A5EAA /* Sources */ = {
			isa = PBXSourcesBuildPhase;
			buildActionMask = 2147483647;
			files = (
				413913CF2A7BF213007EFFF2 /* MappingModelV10ToV11.xcmappingmodel in Sources */,
				413913C12A7BA82F007EFFF2 /* MappingModelV6ToV7.xcmappingmodel in Sources */,
				413913A82A77DC6A007EFFF2 /* DetailSheetOfFuture.swift in Sources */,
				41C641D92A7CF2FA0000ABEE /* CompleteRepoView.swift in Sources */,
				419A994E2A83BEE100DEAFA0 /* UITextFieldRepresentable.swift in Sources */,
				4136515D2A6A1F04006C6361 /* Item+CoreDataClass.swift in Sources */,
				413913BC2A7B7682007EFFF2 /* StickerBottomSheet.swift in Sources */,
				413913B82A7A79D7007EFFF2 /* MappingModelV5ToV6.xcmappingmodel in Sources */,
				41E1DC4B2A58277C005A5EAA /* todo_paper.xcdatamodeld in Sources */,
				413913CC2A7BECE8007EFFF2 /* MappingModelV9ToV10.xcmappingmodel in Sources */,
				413913B02A796ED8007EFFF2 /* SettingBottomSheet.swift in Sources */,
				419A99502A84C2A000DEAFA0 /* MappingModelV4ToV11.xcmappingmodel in Sources */,
				4136515E2A6A1F04006C6361 /* Item+CoreDataProperties.swift in Sources */,
				417394BB2A66876900205292 /* DateCell.swift in Sources */,
				41E1DC752A5DCD95005A5EAA /* TodoItemRow.swift in Sources */,
				41E1DC482A58277C005A5EAA /* Persistence.swift in Sources */,
				413651602A6A3EBB006C6361 /* TodoViewModel.swift in Sources */,
				41C641DC2A7CF5720000ABEE /* CompleteRepoViewModel.swift in Sources */,
				413045122A625AB20070F927 /* FloatingFooter.swift in Sources */,
				413913A62A77DC44007EFFF2 /* DetailSheetOfToday.swift in Sources */,
				415FD88F2A81434600B12A97 /* StickerCell.swift in Sources */,
				415FD8932A81442100B12A97 /* Sticker+CoreDataClass.swift in Sources */,
				41E1DC412A58277B005A5EAA /* DailyTodoView.swift in Sources */,
				41C641E02A7F08150000ABEE /* MailSender.swift in Sources */,
				4139135E2A72A4EA007EFFF2 /* DetailTodoViewModel.swift in Sources */,
				41C641DE2A7D2D830000ABEE /* CompletePage.swift in Sources */,
				413913B52A7A656C007EFFF2 /* MappingModelV4Tov5.xcmappingmodel in Sources */,
				41E1DC732A5DC427005A5EAA /* TodoItem.swift in Sources */,
				413913372A702EEB007EFFF2 /* ScrollViewModel.swift in Sources */,
				41E1DC3F2A58277B005A5EAA /* todo_paperApp.swift in Sources */,
				413913BE2A7B7E82007EFFF2 /* StickerViewModel.swift in Sources */,
				413913C42A7BB3C4007EFFF2 /* MappingModelV7ToV8.xcmappingmodel in Sources */,
				413913A42A77DBF1007EFFF2 /* DetailSheetOfPast.swift in Sources */,
				417394AD2A6652C000205292 /* Header.swift in Sources */,
				413913C92A7BEB0E007EFFF2 /* MappingModelV8ToV9.xcmappingmodel in Sources */,
				4124E8F02A6BF0ED0045E220 /* MappingModelV1ToV4.xcmappingmodel in Sources */,
				413913B22A7A2A4D007EFFF2 /* SettingViewModel.swift in Sources */,
				415FD8922A81442100B12A97 /* Sticker+CoreDataProperties.swift in Sources */,
				41E1DC792A5EA161005A5EAA /* Extension.swift in Sources */,
				413913C62A7BE300007EFFF2 /* StickerItem.swift in Sources */,
				413913602A72A80F007EFFF2 /* BottomSheet.swift in Sources */,
			);
			runOnlyForDeploymentPostprocessing = 0;
		};
/* End PBXSourcesBuildPhase section */

/* Begin XCBuildConfiguration section */
		41E1DC4C2A58277C005A5EAA /* Debug */ = {
			isa = XCBuildConfiguration;
			buildSettings = {
				ALWAYS_SEARCH_USER_PATHS = NO;
				CLANG_ANALYZER_NONNULL = YES;
				CLANG_ANALYZER_NUMBER_OBJECT_CONVERSION = YES_AGGRESSIVE;
				CLANG_CXX_LANGUAGE_STANDARD = "gnu++20";
				CLANG_ENABLE_MODULES = YES;
				CLANG_ENABLE_OBJC_ARC = YES;
				CLANG_ENABLE_OBJC_WEAK = YES;
				CLANG_WARN_BLOCK_CAPTURE_AUTORELEASING = YES;
				CLANG_WARN_BOOL_CONVERSION = YES;
				CLANG_WARN_COMMA = YES;
				CLANG_WARN_CONSTANT_CONVERSION = YES;
				CLANG_WARN_DEPRECATED_OBJC_IMPLEMENTATIONS = YES;
				CLANG_WARN_DIRECT_OBJC_ISA_USAGE = YES_ERROR;
				CLANG_WARN_DOCUMENTATION_COMMENTS = YES;
				CLANG_WARN_EMPTY_BODY = YES;
				CLANG_WARN_ENUM_CONVERSION = YES;
				CLANG_WARN_INFINITE_RECURSION = YES;
				CLANG_WARN_INT_CONVERSION = YES;
				CLANG_WARN_NON_LITERAL_NULL_CONVERSION = YES;
				CLANG_WARN_OBJC_IMPLICIT_RETAIN_SELF = YES;
				CLANG_WARN_OBJC_LITERAL_CONVERSION = YES;
				CLANG_WARN_OBJC_ROOT_CLASS = YES_ERROR;
				CLANG_WARN_QUOTED_INCLUDE_IN_FRAMEWORK_HEADER = YES;
				CLANG_WARN_RANGE_LOOP_ANALYSIS = YES;
				CLANG_WARN_STRICT_PROTOTYPES = YES;
				CLANG_WARN_SUSPICIOUS_MOVE = YES;
				CLANG_WARN_UNGUARDED_AVAILABILITY = YES_AGGRESSIVE;
				CLANG_WARN_UNREACHABLE_CODE = YES;
				CLANG_WARN__DUPLICATE_METHOD_MATCH = YES;
				COPY_PHASE_STRIP = NO;
				DEBUG_INFORMATION_FORMAT = dwarf;
				ENABLE_STRICT_OBJC_MSGSEND = YES;
				ENABLE_TESTABILITY = YES;
				GCC_C_LANGUAGE_STANDARD = gnu11;
				GCC_DYNAMIC_NO_PIC = NO;
				GCC_NO_COMMON_BLOCKS = YES;
				GCC_OPTIMIZATION_LEVEL = 0;
				GCC_PREPROCESSOR_DEFINITIONS = (
					"DEBUG=1",
					"$(inherited)",
				);
				GCC_WARN_64_TO_32_BIT_CONVERSION = YES;
				GCC_WARN_ABOUT_RETURN_TYPE = YES_ERROR;
				GCC_WARN_UNDECLARED_SELECTOR = YES;
				GCC_WARN_UNINITIALIZED_AUTOS = YES_AGGRESSIVE;
				GCC_WARN_UNUSED_FUNCTION = YES;
				GCC_WARN_UNUSED_VARIABLE = YES;
				IPHONEOS_DEPLOYMENT_TARGET = 16.4;
				MTL_ENABLE_DEBUG_INFO = INCLUDE_SOURCE;
				MTL_FAST_MATH = YES;
				ONLY_ACTIVE_ARCH = YES;
				SDKROOT = iphoneos;
				SWIFT_ACTIVE_COMPILATION_CONDITIONS = DEBUG;
				SWIFT_OPTIMIZATION_LEVEL = "-Onone";
			};
			name = Debug;
		};
		41E1DC4D2A58277C005A5EAA /* Release */ = {
			isa = XCBuildConfiguration;
			buildSettings = {
				ALWAYS_SEARCH_USER_PATHS = NO;
				CLANG_ANALYZER_NONNULL = YES;
				CLANG_ANALYZER_NUMBER_OBJECT_CONVERSION = YES_AGGRESSIVE;
				CLANG_CXX_LANGUAGE_STANDARD = "gnu++20";
				CLANG_ENABLE_MODULES = YES;
				CLANG_ENABLE_OBJC_ARC = YES;
				CLANG_ENABLE_OBJC_WEAK = YES;
				CLANG_WARN_BLOCK_CAPTURE_AUTORELEASING = YES;
				CLANG_WARN_BOOL_CONVERSION = YES;
				CLANG_WARN_COMMA = YES;
				CLANG_WARN_CONSTANT_CONVERSION = YES;
				CLANG_WARN_DEPRECATED_OBJC_IMPLEMENTATIONS = YES;
				CLANG_WARN_DIRECT_OBJC_ISA_USAGE = YES_ERROR;
				CLANG_WARN_DOCUMENTATION_COMMENTS = YES;
				CLANG_WARN_EMPTY_BODY = YES;
				CLANG_WARN_ENUM_CONVERSION = YES;
				CLANG_WARN_INFINITE_RECURSION = YES;
				CLANG_WARN_INT_CONVERSION = YES;
				CLANG_WARN_NON_LITERAL_NULL_CONVERSION = YES;
				CLANG_WARN_OBJC_IMPLICIT_RETAIN_SELF = YES;
				CLANG_WARN_OBJC_LITERAL_CONVERSION = YES;
				CLANG_WARN_OBJC_ROOT_CLASS = YES_ERROR;
				CLANG_WARN_QUOTED_INCLUDE_IN_FRAMEWORK_HEADER = YES;
				CLANG_WARN_RANGE_LOOP_ANALYSIS = YES;
				CLANG_WARN_STRICT_PROTOTYPES = YES;
				CLANG_WARN_SUSPICIOUS_MOVE = YES;
				CLANG_WARN_UNGUARDED_AVAILABILITY = YES_AGGRESSIVE;
				CLANG_WARN_UNREACHABLE_CODE = YES;
				CLANG_WARN__DUPLICATE_METHOD_MATCH = YES;
				COPY_PHASE_STRIP = NO;
				DEBUG_INFORMATION_FORMAT = "dwarf-with-dsym";
				ENABLE_NS_ASSERTIONS = NO;
				ENABLE_STRICT_OBJC_MSGSEND = YES;
				GCC_C_LANGUAGE_STANDARD = gnu11;
				GCC_NO_COMMON_BLOCKS = YES;
				GCC_WARN_64_TO_32_BIT_CONVERSION = YES;
				GCC_WARN_ABOUT_RETURN_TYPE = YES_ERROR;
				GCC_WARN_UNDECLARED_SELECTOR = YES;
				GCC_WARN_UNINITIALIZED_AUTOS = YES_AGGRESSIVE;
				GCC_WARN_UNUSED_FUNCTION = YES;
				GCC_WARN_UNUSED_VARIABLE = YES;
				IPHONEOS_DEPLOYMENT_TARGET = 16.4;
				MTL_ENABLE_DEBUG_INFO = NO;
				MTL_FAST_MATH = YES;
				SDKROOT = iphoneos;
				SWIFT_COMPILATION_MODE = wholemodule;
				SWIFT_OPTIMIZATION_LEVEL = "-O";
				VALIDATE_PRODUCT = YES;
			};
			name = Release;
		};
		41E1DC4F2A58277C005A5EAA /* Debug */ = {
			isa = XCBuildConfiguration;
			buildSettings = {
				ASSETCATALOG_COMPILER_APPICON_NAME = AppIcon;
				ASSETCATALOG_COMPILER_GLOBAL_ACCENT_COLOR_NAME = AccentColor;
				CODE_SIGN_STYLE = Automatic;
				CURRENT_PROJECT_VERSION = 1;
				DEVELOPMENT_ASSET_PATHS = "\"todo-paper/TodoPaper/Resources/Preview Content\"";
				DEVELOPMENT_TEAM = M45TR97254;
				ENABLE_PREVIEWS = YES;
				GENERATE_INFOPLIST_FILE = YES;
				INFOPLIST_FILE = "todo-paper/Info.plist";
				INFOPLIST_KEY_UIApplicationSceneManifest_Generation = YES;
				INFOPLIST_KEY_UIApplicationSupportsIndirectInputEvents = YES;
				INFOPLIST_KEY_UILaunchScreen_Generation = YES;
				INFOPLIST_KEY_UISupportedInterfaceOrientations_iPad = "UIInterfaceOrientationPortrait UIInterfaceOrientationPortraitUpsideDown UIInterfaceOrientationLandscapeLeft UIInterfaceOrientationLandscapeRight";
				INFOPLIST_KEY_UISupportedInterfaceOrientations_iPhone = "UIInterfaceOrientationPortrait UIInterfaceOrientationLandscapeLeft UIInterfaceOrientationLandscapeRight";
				LD_RUNPATH_SEARCH_PATHS = (
					"$(inherited)",
					"@executable_path/Frameworks",
				);
				MARKETING_VERSION = 1.0;
				PRODUCT_BUNDLE_IDENTIFIER = "JisuCompany.todo-paper";
				PRODUCT_NAME = "$(TARGET_NAME)";
				SWIFT_EMIT_LOC_STRINGS = YES;
				SWIFT_VERSION = 5.0;
				TARGETED_DEVICE_FAMILY = "1,2";
			};
			name = Debug;
		};
		41E1DC502A58277C005A5EAA /* Release */ = {
			isa = XCBuildConfiguration;
			buildSettings = {
				ASSETCATALOG_COMPILER_APPICON_NAME = AppIcon;
				ASSETCATALOG_COMPILER_GLOBAL_ACCENT_COLOR_NAME = AccentColor;
				CODE_SIGN_STYLE = Automatic;
				CURRENT_PROJECT_VERSION = 1;
				DEVELOPMENT_ASSET_PATHS = "\"todo-paper/TodoPaper/Resources/Preview Content\"";
				DEVELOPMENT_TEAM = M45TR97254;
				ENABLE_PREVIEWS = YES;
				GENERATE_INFOPLIST_FILE = YES;
				INFOPLIST_FILE = "todo-paper/Info.plist";
				INFOPLIST_KEY_UIApplicationSceneManifest_Generation = YES;
				INFOPLIST_KEY_UIApplicationSupportsIndirectInputEvents = YES;
				INFOPLIST_KEY_UILaunchScreen_Generation = YES;
				INFOPLIST_KEY_UISupportedInterfaceOrientations_iPad = "UIInterfaceOrientationPortrait UIInterfaceOrientationPortraitUpsideDown UIInterfaceOrientationLandscapeLeft UIInterfaceOrientationLandscapeRight";
				INFOPLIST_KEY_UISupportedInterfaceOrientations_iPhone = "UIInterfaceOrientationPortrait UIInterfaceOrientationLandscapeLeft UIInterfaceOrientationLandscapeRight";
				LD_RUNPATH_SEARCH_PATHS = (
					"$(inherited)",
					"@executable_path/Frameworks",
				);
				MARKETING_VERSION = 1.0;
				PRODUCT_BUNDLE_IDENTIFIER = "JisuCompany.todo-paper";
				PRODUCT_NAME = "$(TARGET_NAME)";
				SWIFT_EMIT_LOC_STRINGS = YES;
				SWIFT_VERSION = 5.0;
				TARGETED_DEVICE_FAMILY = "1,2";
			};
			name = Release;
		};
/* End XCBuildConfiguration section */

/* Begin XCConfigurationList section */
		41E1DC362A58277B005A5EAA /* Build configuration list for PBXProject "todo-paper" */ = {
			isa = XCConfigurationList;
			buildConfigurations = (
				41E1DC4C2A58277C005A5EAA /* Debug */,
				41E1DC4D2A58277C005A5EAA /* Release */,
			);
			defaultConfigurationIsVisible = 0;
			defaultConfigurationName = Release;
		};
		41E1DC4E2A58277C005A5EAA /* Build configuration list for PBXNativeTarget "todo-paper" */ = {
			isa = XCConfigurationList;
			buildConfigurations = (
				41E1DC4F2A58277C005A5EAA /* Debug */,
				41E1DC502A58277C005A5EAA /* Release */,
			);
			defaultConfigurationIsVisible = 0;
			defaultConfigurationName = Release;
		};
/* End XCConfigurationList section */

/* Begin XCRemoteSwiftPackageReference section */
		4139135A2A716980007EFFF2 /* XCRemoteSwiftPackageReference "swiftui-introspect" */ = {
			isa = XCRemoteSwiftPackageReference;
			repositoryURL = "https://github.com/siteline/swiftui-introspect";
			requirement = {
				kind = upToNextMajorVersion;
				minimumVersion = 0.10.0;
			};
		};
		413913AA2A792677007EFFF2 /* XCRemoteSwiftPackageReference "AlertToast" */ = {
			isa = XCRemoteSwiftPackageReference;
			repositoryURL = "https://github.com/elai950/AlertToast.git";
			requirement = {
				kind = upToNextMajorVersion;
				minimumVersion = 1.0.0;
			};
		};
		419A994A2A83810000DEAFA0 /* XCRemoteSwiftPackageReference "BottomSheet" */ = {
			isa = XCRemoteSwiftPackageReference;
			repositoryURL = "https://github.com/lucaszischka/BottomSheet";
			requirement = {
				kind = upToNextMajorVersion;
				minimumVersion = 3.0.0;
			};
		};
		41C641D52A7CF11B0000ABEE /* XCRemoteSwiftPackageReference "SwiftUIPageView" */ = {
			isa = XCRemoteSwiftPackageReference;
			repositoryURL = "https://github.com/ciaranrobrien/SwiftUIPageView.git";
			requirement = {
				branch = main;
				kind = branch;
			};
		};
/* End XCRemoteSwiftPackageReference section */

/* Begin XCSwiftPackageProductDependency section */
		4139135B2A716980007EFFF2 /* Introspect */ = {
			isa = XCSwiftPackageProductDependency;
			package = 4139135A2A716980007EFFF2 /* XCRemoteSwiftPackageReference "swiftui-introspect" */;
			productName = Introspect;
		};
		413913AB2A792677007EFFF2 /* AlertToast */ = {
			isa = XCSwiftPackageProductDependency;
			package = 413913AA2A792677007EFFF2 /* XCRemoteSwiftPackageReference "AlertToast" */;
			productName = AlertToast;
		};
		419A994B2A83810000DEAFA0 /* BottomSheet */ = {
			isa = XCSwiftPackageProductDependency;
			package = 419A994A2A83810000DEAFA0 /* XCRemoteSwiftPackageReference "BottomSheet" */;
			productName = BottomSheet;
		};
		41C641D62A7CF11B0000ABEE /* SwiftUIPageView */ = {
			isa = XCSwiftPackageProductDependency;
			package = 41C641D52A7CF11B0000ABEE /* XCRemoteSwiftPackageReference "SwiftUIPageView" */;
			productName = SwiftUIPageView;
		};
/* End XCSwiftPackageProductDependency section */

/* Begin XCVersionGroup section */
		41E1DC492A58277C005A5EAA /* todo_paper.xcdatamodeld */ = {
			isa = XCVersionGroup;
			children = (
				41C641D02A7CEBBC0000ABEE /* todo_paper_12.xcdatamodel */,
				413913CD2A7BF1A4007EFFF2 /* todo_paper_11.xcdatamodel */,
				413913CA2A7BECB8007EFFF2 /* todo_paper_10.xcdatamodel */,
				413913C72A7BEACF007EFFF2 /* todo_paper_9.xcdatamodel */,
				413913C22A7BAEE0007EFFF2 /* todo_paper_8.xcdatamodel */,
				413913BF2A7BA785007EFFF2 /* todo_paper_7.xcdatamodel */,
				413913B62A7A7958007EFFF2 /* todo_paper_ 6.xcdatamodel */,
				413913B32A7A6471007EFFF2 /* todo_paper_5.xcdatamodel */,
				4124E8EE2A6BF07B0045E220 /* todo_paper 4.xcdatamodel */,
				4124E8ED2A6BEFF30045E220 /* todo_paper_ 3.xcdatamodel */,
				4124E8EC2A6BEACC0045E220 /* todo_paper_2.xcdatamodel */,
				41E1DC4A2A58277C005A5EAA /* todo_paper.xcdatamodel */,
			);
			currentVersion = 413913CD2A7BF1A4007EFFF2 /* todo_paper_11.xcdatamodel */;
			path = todo_paper.xcdatamodeld;
			sourceTree = "<group>";
			versionGroupType = wrapper.xcdatamodel;
		};
/* End XCVersionGroup section */
	};
	rootObject = 41E1DC332A58277B005A5EAA /* Project object */;
}
